// !$*UTF8*$!
{
	archiveVersion = 1;
	classes = {
	};
	objectVersion = 46;
	objects = {

/* Begin PBXBuildFile section */
		166894921DF2A3DC005B30F6 /* libglfw3.3.2.dylib in Frameworks */ = {isa = PBXBuildFile; fileRef = 166894911DF2A3DC005B30F6 /* libglfw3.3.2.dylib */; };
		166894941DF2A4AA005B30F6 /* OpenGL.framework in Frameworks */ = {isa = PBXBuildFile; fileRef = 166894931DF2A4AA005B30F6 /* OpenGL.framework */; };
		1668949E1DF3E27F005B30F6 /* FontData.cpp in Sources */ = {isa = PBXBuildFile; fileRef = 166894951DF3E27F005B30F6 /* FontData.cpp */; };
		1668949F1DF3E27F005B30F6 /* main.cpp in Sources */ = {isa = PBXBuildFile; fileRef = 166894971DF3E27F005B30F6 /* main.cpp */; };
		166894A01DF3E27F005B30F6 /* OutlineFunction.cpp in Sources */ = {isa = PBXBuildFile; fileRef = 166894981DF3E27F005B30F6 /* OutlineFunction.cpp */; };
		166894A11DF3E27F005B30F6 /* ShaderProgram.cpp in Sources */ = {isa = PBXBuildFile; fileRef = 1668949A1DF3E27F005B30F6 /* ShaderProgram.cpp */; };
		166894A21DF3E27F005B30F6 /* ShapeData.cpp in Sources */ = {isa = PBXBuildFile; fileRef = 1668949C1DF3E27F005B30F6 /* ShapeData.cpp */; };
		B5B2C8F01DF12ECF004409A5 /* libfreetype.6.dylib in Frameworks */ = {isa = PBXBuildFile; fileRef = B5B2C8EF1DF12ECF004409A5 /* libfreetype.6.dylib */; };
/* End PBXBuildFile section */

/* Begin PBXCopyFilesBuildPhase section */
		169D12F61DE2C91B00EA19D6 /* CopyFiles */ = {
			isa = PBXCopyFilesBuildPhase;
			buildActionMask = 2147483647;
			dstPath = /usr/share/man/man1/;
			dstSubfolderSpec = 0;
			files = (
			);
			runOnlyForDeploymentPostprocessing = 1;
		};
/* End PBXCopyFilesBuildPhase section */

/* Begin PBXFileReference section */
		166894911DF2A3DC005B30F6 /* libglfw3.3.2.dylib */ = {isa = PBXFileReference; lastKnownFileType = "compiled.mach-o.dylib"; name = libglfw3.3.2.dylib; path = ../../../../../usr/local/lib/libglfw3.3.2.dylib; sourceTree = "<group>"; };
		166894931DF2A4AA005B30F6 /* OpenGL.framework */ = {isa = PBXFileReference; lastKnownFileType = wrapper.framework; name = OpenGL.framework; path = System/Library/Frameworks/OpenGL.framework; sourceTree = SDKROOT; };
		166894951DF3E27F005B30F6 /* FontData.cpp */ = {isa = PBXFileReference; fileEncoding = 4; lastKnownFileType = sourcecode.cpp.cpp; name = FontData.cpp; path = FontDraw/FontData.cpp; sourceTree = SOURCE_ROOT; };
		166894961DF3E27F005B30F6 /* FontData.hpp */ = {isa = PBXFileReference; fileEncoding = 4; lastKnownFileType = sourcecode.cpp.h; name = FontData.hpp; path = FontDraw/FontData.hpp; sourceTree = SOURCE_ROOT; };
		166894971DF3E27F005B30F6 /* main.cpp */ = {isa = PBXFileReference; fileEncoding = 4; lastKnownFileType = sourcecode.cpp.cpp; name = main.cpp; path = FontDraw/main.cpp; sourceTree = SOURCE_ROOT; };
		166894981DF3E27F005B30F6 /* OutlineFunction.cpp */ = {isa = PBXFileReference; fileEncoding = 4; lastKnownFileType = sourcecode.cpp.cpp; name = OutlineFunction.cpp; path = FontDraw/OutlineFunction.cpp; sourceTree = SOURCE_ROOT; };
		166894991DF3E27F005B30F6 /* OutlineFunction.hpp */ = {isa = PBXFileReference; fileEncoding = 4; lastKnownFileType = sourcecode.cpp.h; name = OutlineFunction.hpp; path = FontDraw/OutlineFunction.hpp; sourceTree = SOURCE_ROOT; };
		1668949A1DF3E27F005B30F6 /* ShaderProgram.cpp */ = {isa = PBXFileReference; fileEncoding = 4; lastKnownFileType = sourcecode.cpp.cpp; name = ShaderProgram.cpp; path = FontDraw/ShaderProgram.cpp; sourceTree = SOURCE_ROOT; };
		1668949B1DF3E27F005B30F6 /* ShaderProgram.hpp */ = {isa = PBXFileReference; fileEncoding = 4; lastKnownFileType = sourcecode.cpp.h; name = ShaderProgram.hpp; path = FontDraw/ShaderProgram.hpp; sourceTree = SOURCE_ROOT; };
		1668949C1DF3E27F005B30F6 /* ShapeData.cpp */ = {isa = PBXFileReference; fileEncoding = 4; lastKnownFileType = sourcecode.cpp.cpp; name = ShapeData.cpp; path = FontDraw/ShapeData.cpp; sourceTree = SOURCE_ROOT; };
		1668949D1DF3E27F005B30F6 /* ShapeData.hpp */ = {isa = PBXFileReference; fileEncoding = 4; lastKnownFileType = sourcecode.cpp.h; name = ShapeData.hpp; path = FontDraw/ShapeData.hpp; sourceTree = SOURCE_ROOT; };
		169D12F81DE2C91B00EA19D6 /* FontDraw */ = {isa = PBXFileReference; explicitFileType = "compiled.mach-o.executable"; includeInIndex = 0; path = FontDraw; sourceTree = BUILT_PRODUCTS_DIR; };
		B5B2C8EF1DF12ECF004409A5 /* libfreetype.6.dylib */ = {isa = PBXFileReference; lastKnownFileType = "compiled.mach-o.dylib"; name = libfreetype.6.dylib; path = ../../../../../usr/local/lib/libfreetype.6.dylib; sourceTree = "<group>"; };
/* End PBXFileReference section */

/* Begin PBXFrameworksBuildPhase section */
		169D12F51DE2C91B00EA19D6 /* Frameworks */ = {
			isa = PBXFrameworksBuildPhase;
			buildActionMask = 2147483647;
			files = (
				166894941DF2A4AA005B30F6 /* OpenGL.framework in Frameworks */,
				B5B2C8F01DF12ECF004409A5 /* libfreetype.6.dylib in Frameworks */,
				166894921DF2A3DC005B30F6 /* libglfw3.3.2.dylib in Frameworks */,
			);
			runOnlyForDeploymentPostprocessing = 0;
		};
/* End PBXFrameworksBuildPhase section */

/* Begin PBXGroup section */
		1668948F1DF2A2B9005B30F6 /* Draw */ = {
			isa = PBXGroup;
			children = (
				1668949A1DF3E27F005B30F6 /* ShaderProgram.cpp */,
				1668949B1DF3E27F005B30F6 /* ShaderProgram.hpp */,
				1668949C1DF3E27F005B30F6 /* ShapeData.cpp */,
				1668949D1DF3E27F005B30F6 /* ShapeData.hpp */,
			);
			name = Draw;
			sourceTree = "<group>";
		};
		166894901DF2A2CC005B30F6 /* Font */ = {
			isa = PBXGroup;
			children = (
				166894951DF3E27F005B30F6 /* FontData.cpp */,
				166894961DF3E27F005B30F6 /* FontData.hpp */,
				166894981DF3E27F005B30F6 /* OutlineFunction.cpp */,
				166894991DF3E27F005B30F6 /* OutlineFunction.hpp */,
			);
			name = Font;
			sourceTree = "<group>";
		};
		169D12EF1DE2C91B00EA19D6 = {
			isa = PBXGroup;
			children = (
				169D12FA1DE2C91B00EA19D6 /* FontDraw */,
				166894971DF3E27F005B30F6 /* main.cpp */,
				169D12F91DE2C91B00EA19D6 /* Products */,
				169D13021DE2C93300EA19D6 /* Frameworks */,
			);
			sourceTree = "<group>";
		};
		169D12F91DE2C91B00EA19D6 /* Products */ = {
			isa = PBXGroup;
			children = (
				169D12F81DE2C91B00EA19D6 /* FontDraw */,
			);
			name = Products;
			sourceTree = "<group>";
		};
		169D12FA1DE2C91B00EA19D6 /* FontDraw */ = {
			isa = PBXGroup;
			children = (
				166894901DF2A2CC005B30F6 /* Font */,
				1668948F1DF2A2B9005B30F6 /* Draw */,
			);
			name = FontDraw;
			path = FontPolygon;
			sourceTree = "<group>";
		};
		169D13021DE2C93300EA19D6 /* Frameworks */ = {
			isa = PBXGroup;
			children = (
				166894931DF2A4AA005B30F6 /* OpenGL.framework */,
				166894911DF2A3DC005B30F6 /* libglfw3.3.2.dylib */,
				B5B2C8EF1DF12ECF004409A5 /* libfreetype.6.dylib */,
			);
			name = Frameworks;
			sourceTree = "<group>";
		};
/* End PBXGroup section */

/* Begin PBXNativeTarget section */
		169D12F71DE2C91B00EA19D6 /* FontDraw */ = {
			isa = PBXNativeTarget;
			buildConfigurationList = 169D12FF1DE2C91B00EA19D6 /* Build configuration list for PBXNativeTarget "FontDraw" */;
			buildPhases = (
				169D12F41DE2C91B00EA19D6 /* Sources */,
				169D12F51DE2C91B00EA19D6 /* Frameworks */,
				169D12F61DE2C91B00EA19D6 /* CopyFiles */,
			);
			buildRules = (
			);
			dependencies = (
			);
			name = FontDraw;
			productName = FontPolygon;
			productReference = 169D12F81DE2C91B00EA19D6 /* FontDraw */;
			productType = "com.apple.product-type.tool";
		};
/* End PBXNativeTarget section */

/* Begin PBXProject section */
		169D12F01DE2C91B00EA19D6 /* Project object */ = {
			isa = PBXProject;
			attributes = {
				LastUpgradeCheck = 0810;
				ORGANIZATIONNAME = "toru ito";
				TargetAttributes = {
					169D12F71DE2C91B00EA19D6 = {
						CreatedOnToolsVersion = 8.1;
						ProvisioningStyle = Automatic;
					};
				};
			};
			buildConfigurationList = 169D12F31DE2C91B00EA19D6 /* Build configuration list for PBXProject "FontDraw" */;
			compatibilityVersion = "Xcode 3.2";
			developmentRegion = English;
			hasScannedForEncodings = 0;
			knownRegions = (
				en,
			);
			mainGroup = 169D12EF1DE2C91B00EA19D6;
			productRefGroup = 169D12F91DE2C91B00EA19D6 /* Products */;
			projectDirPath = "";
			projectRoot = "";
			targets = (
				169D12F71DE2C91B00EA19D6 /* FontDraw */,
			);
		};
/* End PBXProject section */

/* Begin PBXSourcesBuildPhase section */
		169D12F41DE2C91B00EA19D6 /* Sources */ = {
			isa = PBXSourcesBuildPhase;
			buildActionMask = 2147483647;
			files = (
				1668949F1DF3E27F005B30F6 /* main.cpp in Sources */,
				166894A11DF3E27F005B30F6 /* ShaderProgram.cpp in Sources */,
				1668949E1DF3E27F005B30F6 /* FontData.cpp in Sources */,
				166894A21DF3E27F005B30F6 /* ShapeData.cpp in Sources */,
				166894A01DF3E27F005B30F6 /* OutlineFunction.cpp in Sources */,
			);
			runOnlyForDeploymentPostprocessing = 0;
		};
/* End PBXSourcesBuildPhase section */

/* Begin XCBuildConfiguration section */
		169D12FD1DE2C91B00EA19D6 /* Debug */ = {
			isa = XCBuildConfiguration;
			buildSettings = {
				ALWAYS_SEARCH_USER_PATHS = NO;
				CLANG_ANALYZER_NONNULL = YES;
				CLANG_CXX_LANGUAGE_STANDARD = "gnu++0x";
				CLANG_CXX_LIBRARY = "libc++";
				CLANG_ENABLE_MODULES = YES;
				CLANG_ENABLE_OBJC_ARC = YES;
				CLANG_WARN_BOOL_CONVERSION = YES;
				CLANG_WARN_CONSTANT_CONVERSION = YES;
				CLANG_WARN_DIRECT_OBJC_ISA_USAGE = YES_ERROR;
				CLANG_WARN_DOCUMENTATION_COMMENTS = YES;
				CLANG_WARN_EMPTY_BODY = YES;
				CLANG_WARN_ENUM_CONVERSION = YES;
				CLANG_WARN_INFINITE_RECURSION = YES;
				CLANG_WARN_INT_CONVERSION = YES;
				CLANG_WARN_OBJC_ROOT_CLASS = YES_ERROR;
				CLANG_WARN_SUSPICIOUS_MOVES = YES;
				CLANG_WARN_UNREACHABLE_CODE = YES;
				CLANG_WARN__DUPLICATE_METHOD_MATCH = YES;
				CODE_SIGN_IDENTITY = "-";
				COPY_PHASE_STRIP = NO;
				DEBUG_INFORMATION_FORMAT = dwarf;
				ENABLE_STRICT_OBJC_MSGSEND = YES;
				ENABLE_TESTABILITY = YES;
				GCC_C_LANGUAGE_STANDARD = gnu99;
				GCC_DYNAMIC_NO_PIC = NO;
				GCC_NO_COMMON_BLOCKS = YES;
				GCC_OPTIMIZATION_LEVEL = 0;
				GCC_PREPROCESSOR_DEFINITIONS = (
					"DEBUG=1",
					"$(inherited)",
				);
				GCC_WARN_64_TO_32_BIT_CONVERSION = YES;
				GCC_WARN_ABOUT_RETURN_TYPE = YES_ERROR;
				GCC_WARN_UNDECLARED_SELECTOR = YES;
				GCC_WARN_UNINITIALIZED_AUTOS = YES_AGGRESSIVE;
				GCC_WARN_UNUSED_FUNCTION = YES;
				GCC_WARN_UNUSED_VARIABLE = YES;
				MACOSX_DEPLOYMENT_TARGET = 10.12;
				MTL_ENABLE_DEBUG_INFO = YES;
				ONLY_ACTIVE_ARCH = YES;
				SDKROOT = macosx;
			};
			name = Debug;
		};
		169D12FE1DE2C91B00EA19D6 /* Release */ = {
			isa = XCBuildConfiguration;
			buildSettings = {
				ALWAYS_SEARCH_USER_PATHS = NO;
				CLANG_ANALYZER_NONNULL = YES;
				CLANG_CXX_LANGUAGE_STANDARD = "gnu++0x";
				CLANG_CXX_LIBRARY = "libc++";
				CLANG_ENABLE_MODULES = YES;
				CLANG_ENABLE_OBJC_ARC = YES;
				CLANG_WARN_BOOL_CONVERSION = YES;
				CLANG_WARN_CONSTANT_CONVERSION = YES;
				CLANG_WARN_DIRECT_OBJC_ISA_USAGE = YES_ERROR;
				CLANG_WARN_DOCUMENTATION_COMMENTS = YES;
				CLANG_WARN_EMPTY_BODY = YES;
				CLANG_WARN_ENUM_CONVERSION = YES;
				CLANG_WARN_INFINITE_RECURSION = YES;
				CLANG_WARN_INT_CONVERSION = YES;
				CLANG_WARN_OBJC_ROOT_CLASS = YES_ERROR;
				CLANG_WARN_SUSPICIOUS_MOVES = YES;
				CLANG_WARN_UNREACHABLE_CODE = YES;
				CLANG_WARN__DUPLICATE_METHOD_MATCH = YES;
				CODE_SIGN_IDENTITY = "-";
				COPY_PHASE_STRIP = NO;
				DEBUG_INFORMATION_FORMAT = "dwarf-with-dsym";
				ENABLE_NS_ASSERTIONS = NO;
				ENABLE_STRICT_OBJC_MSGSEND = YES;
				GCC_C_LANGUAGE_STANDARD = gnu99;
				GCC_NO_COMMON_BLOCKS = YES;
				GCC_WARN_64_TO_32_BIT_CONVERSION = YES;
				GCC_WARN_ABOUT_RETURN_TYPE = YES_ERROR;
				GCC_WARN_UNDECLARED_SELECTOR = YES;
				GCC_WARN_UNINITIALIZED_AUTOS = YES_AGGRESSIVE;
				GCC_WARN_UNUSED_FUNCTION = YES;
				GCC_WARN_UNUSED_VARIABLE = YES;
				MACOSX_DEPLOYMENT_TARGET = 10.12;
				MTL_ENABLE_DEBUG_INFO = NO;
				SDKROOT = macosx;
			};
			name = Release;
		};
		169D13001DE2C91B00EA19D6 /* Debug */ = {
			isa = XCBuildConfiguration;
			buildSettings = {
				HEADER_SEARCH_PATHS = (
					/usr/local/include/freetype2,
					/usr/local/include/eigen3,
					/usr/local/include,
				);
				LIBRARY_SEARCH_PATHS = (
					"$(inherited)",
					/usr/local/lib,
				);
				PRODUCT_NAME = "$(TARGET_NAME)";
			};
			name = Debug;
		};
		169D13011DE2C91B00EA19D6 /* Release */ = {
			isa = XCBuildConfiguration;
			buildSettings = {
				HEADER_SEARCH_PATHS = (
					/usr/local/include/freetype2,
					/usr/local/include/eigen3,
					/usr/local/include,
				);
				LIBRARY_SEARCH_PATHS = (
					"$(inherited)",
					/usr/local/lib,
				);
				PRODUCT_NAME = "$(TARGET_NAME)";
			};
			name = Release;
		};
/* End XCBuildConfiguration section */

/* Begin XCConfigurationList section */
		169D12F31DE2C91B00EA19D6 /* Build configuration list for PBXProject "FontDraw" */ = {
			isa = XCConfigurationList;
			buildConfigurations = (
				169D12FD1DE2C91B00EA19D6 /* Debug */,
				169D12FE1DE2C91B00EA19D6 /* Release */,
			);
			defaultConfigurationIsVisible = 0;
			defaultConfigurationName = Release;
		};
		169D12FF1DE2C91B00EA19D6 /* Build configuration list for PBXNativeTarget "FontDraw" */ = {
			isa = XCConfigurationList;
			buildConfigurations = (
				169D13001DE2C91B00EA19D6 /* Debug */,
				169D13011DE2C91B00EA19D6 /* Release */,
			);
			defaultConfigurationIsVisible = 0;
			defaultConfigurationName = Release;
		};
/* End XCConfigurationList section */
	};
	rootObject = 169D12F01DE2C91B00EA19D6 /* Project object */;
}
